// !$*UTF8*$!
{
	archiveVersion = 1;
	classes = {
	};
	objectVersion = 56;
	objects = {

/* Begin PBXBuildFile section */
		942E55432CC1571900F993A8 /* TextRecognition.swift in Sources */ = {isa = PBXBuildFile; fileRef = 942E55422CC1571900F993A8 /* TextRecognition.swift */; };
		9438105A2CC2AE5F00AC74B0 /* QuizViewController.swift in Sources */ = {isa = PBXBuildFile; fileRef = 943810592CC2AE5F00AC74B0 /* QuizViewController.swift */; };
		9438105C2CC567E500AC74B0 /* Question.swift in Sources */ = {isa = PBXBuildFile; fileRef = 9438105B2CC567E500AC74B0 /* Question.swift */; };
		943810602CC8F83D00AC74B0 /* QuizViewModel.swift in Sources */ = {isa = PBXBuildFile; fileRef = 9438105F2CC8F83D00AC74B0 /* QuizViewModel.swift */; };
		945368982CBA87E3003DC7DB /* ShadowView.framework in Embed Frameworks */ = {isa = PBXBuildFile; fileRef = 945368962CBA87E3003DC7DB /* ShadowView.framework */; settings = {ATTRIBUTES = (CodeSignOnCopy, RemoveHeadersOnCopy, ); }; };
		949321122CE6A89C00C8666C /* Constants.swift in Sources */ = {isa = PBXBuildFile; fileRef = 949321112CE6A89C00C8666C /* Constants.swift */; };
		949321142CF3D2B100C8666C /* ResultViewController.swift in Sources */ = {isa = PBXBuildFile; fileRef = 949321132CF3D2B100C8666C /* ResultViewController.swift */; };
		94DBED122CF8DE3F0042C49E /* TimerManager.swift in Sources */ = {isa = PBXBuildFile; fileRef = 94DBED112CF8DE3F0042C49E /* TimerManager.swift */; };
		94DBED182CF8E0DF0042C49E /* UIView+Extensions.swift in Sources */ = {isa = PBXBuildFile; fileRef = 94DBED172CF8E0DF0042C49E /* UIView+Extensions.swift */; };
		94DBED1A2CF8E0F00042C49E /* UITextView+Extensions.swift in Sources */ = {isa = PBXBuildFile; fileRef = 94DBED192CF8E0F00042C49E /* UITextView+Extensions.swift */; };
		94DBED252CF907E40042C49E /* APIClient.swift in Sources */ = {isa = PBXBuildFile; fileRef = 94DBED242CF907E10042C49E /* APIClient.swift */; };
		94DBED282CF908140042C49E /* AppCoordinator.swift in Sources */ = {isa = PBXBuildFile; fileRef = 94DBED272CF908140042C49E /* AppCoordinator.swift */; };
		94DBED2A2CF908240042C49E /* NoteCoordinator.swift in Sources */ = {isa = PBXBuildFile; fileRef = 94DBED292CF908240042C49E /* NoteCoordinator.swift */; };
		94DBED2D2CF908460042C49E /* AppColors.swift in Sources */ = {isa = PBXBuildFile; fileRef = 94DBED2C2CF908460042C49E /* AppColors.swift */; };
		94DBED2F2CF908500042C49E /* AppFonts.swift in Sources */ = {isa = PBXBuildFile; fileRef = 94DBED2E2CF908500042C49E /* AppFonts.swift */; };
		94DBED312CF908AD0042C49E /* NoteModel.swift in Sources */ = {isa = PBXBuildFile; fileRef = 94DBED302CF908AD0042C49E /* NoteModel.swift */; };
		94DBED332CF908C80042C49E /* NoteViewModel.swift in Sources */ = {isa = PBXBuildFile; fileRef = 94DBED322CF908C80042C49E /* NoteViewModel.swift */; };
		94DBED552CF90F6D0042C49E /* HomeModel.swift in Sources */ = {isa = PBXBuildFile; fileRef = 94DBED542CF90F6D0042C49E /* HomeModel.swift */; };
		94DBED572CF90F910042C49E /* HomeViewModel.swift in Sources */ = {isa = PBXBuildFile; fileRef = 94DBED562CF90F910042C49E /* HomeViewModel.swift */; };
		94DBED5A2CF910200042C49E /* UIHelpers.swift in Sources */ = {isa = PBXBuildFile; fileRef = 94DBED592CF910200042C49E /* UIHelpers.swift */; };
		94DBED5C2CF9E9BF0042C49E /* QuizGenerator.swift in Sources */ = {isa = PBXBuildFile; fileRef = 94DBED5B2CF9E9BF0042C49E /* QuizGenerator.swift */; };
		94E837E42CB9AE7C00EBC9D4 /* LaunchScreen.storyboard in Resources */ = {isa = PBXBuildFile; fileRef = 94E837DA2CB9AE7C00EBC9D4 /* LaunchScreen.storyboard */; };
		94E837E52CB9AE7C00EBC9D4 /* Main.storyboard in Resources */ = {isa = PBXBuildFile; fileRef = 94E837DC2CB9AE7C00EBC9D4 /* Main.storyboard */; };
		94E837E62CB9AE7C00EBC9D4 /* Assets.xcassets in Resources */ = {isa = PBXBuildFile; fileRef = 94E837DF2CB9AE7C00EBC9D4 /* Assets.xcassets */; };
		94E837E92CB9AE7C00EBC9D4 /* HomeViewController.swift in Sources */ = {isa = PBXBuildFile; fileRef = 94E837D52CB9AE7C00EBC9D4 /* HomeViewController.swift */; };
		94E837EA2CB9AE7C00EBC9D4 /* NoteViewController.swift in Sources */ = {isa = PBXBuildFile; fileRef = 94E837D62CB9AE7C00EBC9D4 /* NoteViewController.swift */; };
		94E837EB2CB9AE7C00EBC9D4 /* AppDelegate.swift in Sources */ = {isa = PBXBuildFile; fileRef = 94E837DE2CB9AE7C00EBC9D4 /* AppDelegate.swift */; };
		94E837EC2CB9AE7C00EBC9D4 /* SceneDelegate.swift in Sources */ = {isa = PBXBuildFile; fileRef = 94E837E22CB9AE7C00EBC9D4 /* SceneDelegate.swift */; };
		BDFC25BBC628B8604537745E /* Pods_zap.framework in Frameworks */ = {isa = PBXBuildFile; fileRef = A806AC7C0C4F2E7384E4D2CA /* Pods_zap.framework */; };
/* End PBXBuildFile section */

/* Begin PBXCopyFilesBuildPhase section */
		945368992CBA87E3003DC7DB /* Embed Frameworks */ = {
			isa = PBXCopyFilesBuildPhase;
			buildActionMask = 2147483647;
			dstPath = "";
			dstSubfolderSpec = 10;
			files = (
				945368982CBA87E3003DC7DB /* ShadowView.framework in Embed Frameworks */,
			);
			name = "Embed Frameworks";
			runOnlyForDeploymentPostprocessing = 0;
		};
/* End PBXCopyFilesBuildPhase section */

/* Begin PBXFileReference section */
		204BDDE46F289702AF999EC7 /* Pods-zap.release.xcconfig */ = {isa = PBXFileReference; includeInIndex = 1; lastKnownFileType = text.xcconfig; name = "Pods-zap.release.xcconfig"; path = "Target Support Files/Pods-zap/Pods-zap.release.xcconfig"; sourceTree = "<group>"; };
		5B382C447E90D3BAFFE5D708 /* Pods-zap.debug.xcconfig */ = {isa = PBXFileReference; includeInIndex = 1; lastKnownFileType = text.xcconfig; name = "Pods-zap.debug.xcconfig"; path = "Target Support Files/Pods-zap/Pods-zap.debug.xcconfig"; sourceTree = "<group>"; };
		9408AD3F2CA9BECF00AB70D3 /* zap.app */ = {isa = PBXFileReference; explicitFileType = wrapper.application; includeInIndex = 0; path = zap.app; sourceTree = BUILT_PRODUCTS_DIR; };
		942E55422CC1571900F993A8 /* TextRecognition.swift */ = {isa = PBXFileReference; lastKnownFileType = sourcecode.swift; path = TextRecognition.swift; sourceTree = "<group>"; };
		943810592CC2AE5F00AC74B0 /* QuizViewController.swift */ = {isa = PBXFileReference; lastKnownFileType = sourcecode.swift; path = QuizViewController.swift; sourceTree = "<group>"; };
		9438105B2CC567E500AC74B0 /* Question.swift */ = {isa = PBXFileReference; lastKnownFileType = sourcecode.swift; path = Question.swift; sourceTree = "<group>"; };
		9438105F2CC8F83D00AC74B0 /* QuizViewModel.swift */ = {isa = PBXFileReference; lastKnownFileType = sourcecode.swift; path = QuizViewModel.swift; sourceTree = "<group>"; };
		945368962CBA87E3003DC7DB /* ShadowView.framework */ = {isa = PBXFileReference; lastKnownFileType = wrapper.framework; name = ShadowView.framework; path = Carthage/Build/Mac/ShadowView.framework; sourceTree = "<group>"; };
		949321112CE6A89C00C8666C /* Constants.swift */ = {isa = PBXFileReference; lastKnownFileType = sourcecode.swift; path = Constants.swift; sourceTree = "<group>"; };
		949321132CF3D2B100C8666C /* ResultViewController.swift */ = {isa = PBXFileReference; lastKnownFileType = sourcecode.swift; path = ResultViewController.swift; sourceTree = "<group>"; };
		94DBED112CF8DE3F0042C49E /* TimerManager.swift */ = {isa = PBXFileReference; lastKnownFileType = sourcecode.swift; path = TimerManager.swift; sourceTree = "<group>"; };
		94DBED172CF8E0DF0042C49E /* UIView+Extensions.swift */ = {isa = PBXFileReference; lastKnownFileType = sourcecode.swift; path = "UIView+Extensions.swift"; sourceTree = "<group>"; };
		94DBED192CF8E0F00042C49E /* UITextView+Extensions.swift */ = {isa = PBXFileReference; lastKnownFileType = sourcecode.swift; path = "UITextView+Extensions.swift"; sourceTree = "<group>"; };
		94DBED242CF907E10042C49E /* APIClient.swift */ = {isa = PBXFileReference; lastKnownFileType = sourcecode.swift; path = APIClient.swift; sourceTree = "<group>"; };
		94DBED272CF908140042C49E /* AppCoordinator.swift */ = {isa = PBXFileReference; lastKnownFileType = sourcecode.swift; path = AppCoordinator.swift; sourceTree = "<group>"; };
		94DBED292CF908240042C49E /* NoteCoordinator.swift */ = {isa = PBXFileReference; lastKnownFileType = sourcecode.swift; path = NoteCoordinator.swift; sourceTree = "<group>"; };
		94DBED2C2CF908460042C49E /* AppColors.swift */ = {isa = PBXFileReference; lastKnownFileType = sourcecode.swift; path = AppColors.swift; sourceTree = "<group>"; };
		94DBED2E2CF908500042C49E /* AppFonts.swift */ = {isa = PBXFileReference; lastKnownFileType = sourcecode.swift; path = AppFonts.swift; sourceTree = "<group>"; };
		94DBED302CF908AD0042C49E /* NoteModel.swift */ = {isa = PBXFileReference; lastKnownFileType = sourcecode.swift; path = NoteModel.swift; sourceTree = "<group>"; };
		94DBED322CF908C80042C49E /* NoteViewModel.swift */ = {isa = PBXFileReference; lastKnownFileType = sourcecode.swift; path = NoteViewModel.swift; sourceTree = "<group>"; };
		94DBED542CF90F6D0042C49E /* HomeModel.swift */ = {isa = PBXFileReference; lastKnownFileType = sourcecode.swift; path = HomeModel.swift; sourceTree = "<group>"; };
		94DBED562CF90F910042C49E /* HomeViewModel.swift */ = {isa = PBXFileReference; lastKnownFileType = sourcecode.swift; path = HomeViewModel.swift; sourceTree = "<group>"; };
		94DBED592CF910200042C49E /* UIHelpers.swift */ = {isa = PBXFileReference; lastKnownFileType = sourcecode.swift; path = UIHelpers.swift; sourceTree = "<group>"; };
		94DBED5B2CF9E9BF0042C49E /* QuizGenerator.swift */ = {isa = PBXFileReference; lastKnownFileType = sourcecode.swift; path = QuizGenerator.swift; sourceTree = "<group>"; };
		94E837D52CB9AE7C00EBC9D4 /* HomeViewController.swift */ = {isa = PBXFileReference; lastKnownFileType = sourcecode.swift; path = HomeViewController.swift; sourceTree = "<group>"; };
		94E837D62CB9AE7C00EBC9D4 /* NoteViewController.swift */ = {isa = PBXFileReference; lastKnownFileType = sourcecode.swift; path = NoteViewController.swift; sourceTree = "<group>"; };
		94E837D92CB9AE7C00EBC9D4 /* Base */ = {isa = PBXFileReference; lastKnownFileType = file.storyboard; name = Base; path = Base.lproj/LaunchScreen.storyboard; sourceTree = "<group>"; };
		94E837DB2CB9AE7C00EBC9D4 /* Base */ = {isa = PBXFileReference; lastKnownFileType = file.storyboard; name = Base; path = Base.lproj/Main.storyboard; sourceTree = "<group>"; };
		94E837DE2CB9AE7C00EBC9D4 /* AppDelegate.swift */ = {isa = PBXFileReference; lastKnownFileType = sourcecode.swift; path = AppDelegate.swift; sourceTree = "<group>"; };
		94E837DF2CB9AE7C00EBC9D4 /* Assets.xcassets */ = {isa = PBXFileReference; lastKnownFileType = folder.assetcatalog; path = Assets.xcassets; sourceTree = "<group>"; };
		94E837E02CB9AE7C00EBC9D4 /* Info.plist */ = {isa = PBXFileReference; lastKnownFileType = text.plist.xml; path = Info.plist; sourceTree = "<group>"; };
		94E837E22CB9AE7C00EBC9D4 /* SceneDelegate.swift */ = {isa = PBXFileReference; lastKnownFileType = sourcecode.swift; path = SceneDelegate.swift; sourceTree = "<group>"; };
		A806AC7C0C4F2E7384E4D2CA /* Pods_zap.framework */ = {isa = PBXFileReference; explicitFileType = wrapper.framework; includeInIndex = 0; path = Pods_zap.framework; sourceTree = BUILT_PRODUCTS_DIR; };
/* End PBXFileReference section */

/* Begin PBXFrameworksBuildPhase section */
		9408AD3C2CA9BECF00AB70D3 /* Frameworks */ = {
			isa = PBXFrameworksBuildPhase;
			buildActionMask = 2147483647;
			files = (
				BDFC25BBC628B8604537745E /* Pods_zap.framework in Frameworks */,
			);
			runOnlyForDeploymentPostprocessing = 0;
		};
/* End PBXFrameworksBuildPhase section */

/* Begin PBXGroup section */
		9408AD362CA9BECF00AB70D3 = {
			isa = PBXGroup;
			children = (
				94E837E32CB9AE7C00EBC9D4 /* zap */,
				9408AD402CA9BECF00AB70D3 /* Products */,
				A63FE4CD82E0C20C40EA93A1 /* Pods */,
				A887B99FDA766F6FEB2DFFCD /* Frameworks */,
			);
			sourceTree = "<group>";
		};
		9408AD402CA9BECF00AB70D3 /* Products */ = {
			isa = PBXGroup;
			children = (
				9408AD3F2CA9BECF00AB70D3 /* zap.app */,
			);
			name = Products;
			sourceTree = "<group>";
		};
		94DBED152CF8E0890042C49E /* Extensions */ = {
			isa = PBXGroup;
			children = (
				94DBED172CF8E0DF0042C49E /* UIView+Extensions.swift */,
				94DBED192CF8E0F00042C49E /* UITextView+Extensions.swift */,
			);
			path = Extensions;
			sourceTree = "<group>";
		};
		94DBED1B2CF8E1130042C49E /* Resources */ = {
			isa = PBXGroup;
			children = (
				94E837DF2CB9AE7C00EBC9D4 /* Assets.xcassets */,
			);
			path = Resources;
			sourceTree = "<group>";
		};
		94DBED1C2CF8E1610042C49E /* App */ = {
			isa = PBXGroup;
			children = (
				94E837DE2CB9AE7C00EBC9D4 /* AppDelegate.swift */,
				94E837E22CB9AE7C00EBC9D4 /* SceneDelegate.swift */,
			);
			path = App;
			sourceTree = "<group>";
		};
		94DBED1D2CF907220042C49E /* Features */ = {
			isa = PBXGroup;
			children = (
				94DBED462CF90E340042C49E /* Home */,
				94DBED1E2CF907340042C49E /* Note */,
				94DBED3C2CF90E330042C49E /* Quiz */,
				94DBED502CF90E4B0042C49E /* Result */,
			);
			path = Features;
			sourceTree = "<group>";
		};
		94DBED1E2CF907340042C49E /* Note */ = {
			isa = PBXGroup;
			children = (
				94DBED1F2CF907410042C49E /* Models */,
				94DBED202CF907470042C49E /* Views */,
				94DBED212CF9075B0042C49E /* ViewModels */,
			);
			path = Note;
			sourceTree = "<group>";
		};
		94DBED1F2CF907410042C49E /* Models */ = {
			isa = PBXGroup;
			children = (
				94DBED302CF908AD0042C49E /* NoteModel.swift */,
			);
			path = Models;
			sourceTree = "<group>";
		};
		94DBED202CF907470042C49E /* Views */ = {
			isa = PBXGroup;
			children = (
				94E837D62CB9AE7C00EBC9D4 /* NoteViewController.swift */,
			);
			path = Views;
			sourceTree = "<group>";
		};
		94DBED212CF9075B0042C49E /* ViewModels */ = {
			isa = PBXGroup;
			children = (
				94DBED322CF908C80042C49E /* NoteViewModel.swift */,
			);
			path = ViewModels;
			sourceTree = "<group>";
		};
		94DBED222CF907780042C49E /* Utilities */ = {
			isa = PBXGroup;
			children = (
				94DBED112CF8DE3F0042C49E /* TimerManager.swift */,
				942E55422CC1571900F993A8 /* TextRecognition.swift */,
				94DBED592CF910200042C49E /* UIHelpers.swift */,
			);
			path = Utilities;
			sourceTree = "<group>";
		};
		94DBED232CF907D40042C49E /* Services */ = {
			isa = PBXGroup;
			children = (
				94DBED242CF907E10042C49E /* APIClient.swift */,
			);
			path = Services;
			sourceTree = "<group>";
		};
		94DBED262CF908020042C49E /* Coordinators */ = {
			isa = PBXGroup;
			children = (
				94DBED272CF908140042C49E /* AppCoordinator.swift */,
				94DBED292CF908240042C49E /* NoteCoordinator.swift */,
			);
			path = Coordinators;
			sourceTree = "<group>";
		};
		94DBED2B2CF9083B0042C49E /* Constants */ = {
			isa = PBXGroup;
			children = (
				949321112CE6A89C00C8666C /* Constants.swift */,
				94DBED2C2CF908460042C49E /* AppColors.swift */,
				94DBED2E2CF908500042C49E /* AppFonts.swift */,
			);
			path = Constants;
			sourceTree = "<group>";
		};
		94DBED372CF90E330042C49E /* Models */ = {
			isa = PBXGroup;
			children = (
				9438105B2CC567E500AC74B0 /* Question.swift */,
				94DBED5B2CF9E9BF0042C49E /* QuizGenerator.swift */,
			);
			path = Models;
			sourceTree = "<group>";
		};
		94DBED392CF90E330042C49E /* Views */ = {
			isa = PBXGroup;
			children = (
				943810592CC2AE5F00AC74B0 /* QuizViewController.swift */,
			);
			path = Views;
			sourceTree = "<group>";
		};
		94DBED3B2CF90E330042C49E /* ViewModels */ = {
			isa = PBXGroup;
			children = (
				9438105F2CC8F83D00AC74B0 /* QuizViewModel.swift */,
			);
			path = ViewModels;
			sourceTree = "<group>";
		};
		94DBED3C2CF90E330042C49E /* Quiz */ = {
			isa = PBXGroup;
			children = (
				94DBED372CF90E330042C49E /* Models */,
				94DBED392CF90E330042C49E /* Views */,
				94DBED3B2CF90E330042C49E /* ViewModels */,
			);
			path = Quiz;
			sourceTree = "<group>";
		};
		94DBED412CF90E340042C49E /* Models */ = {
			isa = PBXGroup;
			children = (
				94DBED542CF90F6D0042C49E /* HomeModel.swift */,
			);
			path = Models;
			sourceTree = "<group>";
		};
		94DBED432CF90E340042C49E /* Views */ = {
			isa = PBXGroup;
			children = (
				94E837D52CB9AE7C00EBC9D4 /* HomeViewController.swift */,
			);
			path = Views;
			sourceTree = "<group>";
		};
		94DBED452CF90E340042C49E /* ViewModels */ = {
			isa = PBXGroup;
			children = (
				94DBED562CF90F910042C49E /* HomeViewModel.swift */,
			);
			path = ViewModels;
			sourceTree = "<group>";
		};
		94DBED462CF90E340042C49E /* Home */ = {
			isa = PBXGroup;
			children = (
				94DBED412CF90E340042C49E /* Models */,
				94DBED432CF90E340042C49E /* Views */,
				94DBED452CF90E340042C49E /* ViewModels */,
			);
			path = Home;
			sourceTree = "<group>";
		};
		94DBED4B2CF90E4B0042C49E /* Models */ = {
			isa = PBXGroup;
			children = (
			);
			path = Models;
			sourceTree = "<group>";
		};
		94DBED4D2CF90E4B0042C49E /* Views */ = {
			isa = PBXGroup;
			children = (
				949321132CF3D2B100C8666C /* ResultViewController.swift */,
			);
			path = Views;
			sourceTree = "<group>";
		};
		94DBED4F2CF90E4B0042C49E /* ViewModels */ = {
			isa = PBXGroup;
			children = (
			);
			path = ViewModels;
			sourceTree = "<group>";
		};
		94DBED502CF90E4B0042C49E /* Result */ = {
			isa = PBXGroup;
			children = (
				94DBED4B2CF90E4B0042C49E /* Models */,
				94DBED4D2CF90E4B0042C49E /* Views */,
				94DBED4F2CF90E4B0042C49E /* ViewModels */,
			);
			path = Result;
			sourceTree = "<group>";
		};
		94E837DD2CB9AE7C00EBC9D4 /* View */ = {
			isa = PBXGroup;
			children = (
				94E837DA2CB9AE7C00EBC9D4 /* LaunchScreen.storyboard */,
				94E837DC2CB9AE7C00EBC9D4 /* Main.storyboard */,
			);
			path = View;
			sourceTree = "<group>";
		};
		94E837E32CB9AE7C00EBC9D4 /* zap */ = {
			isa = PBXGroup;
			children = (
				94DBED1C2CF8E1610042C49E /* App */,
				94DBED1D2CF907220042C49E /* Features */,
				94DBED222CF907780042C49E /* Utilities */,
				94DBED1B2CF8E1130042C49E /* Resources */,
				94DBED232CF907D40042C49E /* Services */,
				94DBED262CF908020042C49E /* Coordinators */,
				94DBED152CF8E0890042C49E /* Extensions */,
				94E837DD2CB9AE7C00EBC9D4 /* View */,
				94DBED2B2CF9083B0042C49E /* Constants */,
				94E837E02CB9AE7C00EBC9D4 /* Info.plist */,
			);
			path = zap;
			sourceTree = "<group>";
		};
		A63FE4CD82E0C20C40EA93A1 /* Pods */ = {
			isa = PBXGroup;
			children = (
				5B382C447E90D3BAFFE5D708 /* Pods-zap.debug.xcconfig */,
				204BDDE46F289702AF999EC7 /* Pods-zap.release.xcconfig */,
			);
			path = Pods;
			sourceTree = "<group>";
		};
		A887B99FDA766F6FEB2DFFCD /* Frameworks */ = {
			isa = PBXGroup;
			children = (
				945368962CBA87E3003DC7DB /* ShadowView.framework */,
				A806AC7C0C4F2E7384E4D2CA /* Pods_zap.framework */,
			);
			name = Frameworks;
			sourceTree = "<group>";
		};
/* End PBXGroup section */

/* Begin PBXNativeTarget section */
		9408AD3E2CA9BECF00AB70D3 /* zap */ = {
			isa = PBXNativeTarget;
			buildConfigurationList = 9408AD682CA9BED100AB70D3 /* Build configuration list for PBXNativeTarget "zap" */;
			buildPhases = (
				D9C91DCEBBB5F9839EA49C6D /* [CP] Check Pods Manifest.lock */,
				9408AD3B2CA9BECF00AB70D3 /* Sources */,
				9408AD3C2CA9BECF00AB70D3 /* Frameworks */,
				9408AD3D2CA9BECF00AB70D3 /* Resources */,
				945368992CBA87E3003DC7DB /* Embed Frameworks */,
				433F07959C8375478A19A3BA /* [CP] Embed Pods Frameworks */,
			);
			buildRules = (
			);
			dependencies = (
			);
			name = zap;
			productName = zap;
			productReference = 9408AD3F2CA9BECF00AB70D3 /* zap.app */;
			productType = "com.apple.product-type.application";
		};
/* End PBXNativeTarget section */

/* Begin PBXProject section */
		9408AD372CA9BECF00AB70D3 /* Project object */ = {
			isa = PBXProject;
			attributes = {
				BuildIndependentTargetsInParallel = 1;
				LastSwiftUpdateCheck = 1600;
				LastUpgradeCheck = 1600;
				TargetAttributes = {
					9408AD3E2CA9BECF00AB70D3 = {
						CreatedOnToolsVersion = 16.0;
						LastSwiftMigration = 1610;
					};
				};
			};
			buildConfigurationList = 9408AD3A2CA9BECF00AB70D3 /* Build configuration list for PBXProject "zap" */;
			compatibilityVersion = "Xcode 14.0";
			developmentRegion = en;
			hasScannedForEncodings = 0;
			knownRegions = (
				en,
				Base,
			);
			mainGroup = 9408AD362CA9BECF00AB70D3;
			productRefGroup = 9408AD402CA9BECF00AB70D3 /* Products */;
			projectDirPath = "";
			projectRoot = "";
			targets = (
				9408AD3E2CA9BECF00AB70D3 /* zap */,
			);
		};
/* End PBXProject section */

/* Begin PBXResourcesBuildPhase section */
		9408AD3D2CA9BECF00AB70D3 /* Resources */ = {
			isa = PBXResourcesBuildPhase;
			buildActionMask = 2147483647;
			files = (
				94E837E42CB9AE7C00EBC9D4 /* LaunchScreen.storyboard in Resources */,
				94E837E52CB9AE7C00EBC9D4 /* Main.storyboard in Resources */,
				94E837E62CB9AE7C00EBC9D4 /* Assets.xcassets in Resources */,
			);
			runOnlyForDeploymentPostprocessing = 0;
		};
/* End PBXResourcesBuildPhase section */

/* Begin PBXShellScriptBuildPhase section */
		433F07959C8375478A19A3BA /* [CP] Embed Pods Frameworks */ = {
			isa = PBXShellScriptBuildPhase;
			buildActionMask = 2147483647;
			files = (
			);
			inputFileListPaths = (
				"${PODS_ROOT}/Target Support Files/Pods-zap/Pods-zap-frameworks-${CONFIGURATION}-input-files.xcfilelist",
			);
			name = "[CP] Embed Pods Frameworks";
			outputFileListPaths = (
				"${PODS_ROOT}/Target Support Files/Pods-zap/Pods-zap-frameworks-${CONFIGURATION}-output-files.xcfilelist",
			);
			runOnlyForDeploymentPostprocessing = 0;
			shellPath = /bin/sh;
			shellScript = "\"${PODS_ROOT}/Target Support Files/Pods-zap/Pods-zap-frameworks.sh\"\n";
			showEnvVarsInLog = 0;
		};
		D9C91DCEBBB5F9839EA49C6D /* [CP] Check Pods Manifest.lock */ = {
			isa = PBXShellScriptBuildPhase;
			buildActionMask = 2147483647;
			files = (
			);
			inputFileListPaths = (
			);
			inputPaths = (
				"${PODS_PODFILE_DIR_PATH}/Podfile.lock",
				"${PODS_ROOT}/Manifest.lock",
			);
			name = "[CP] Check Pods Manifest.lock";
			outputFileListPaths = (
			);
			outputPaths = (
				"$(DERIVED_FILE_DIR)/Pods-zap-checkManifestLockResult.txt",
			);
			runOnlyForDeploymentPostprocessing = 0;
			shellPath = /bin/sh;
			shellScript = "diff \"${PODS_PODFILE_DIR_PATH}/Podfile.lock\" \"${PODS_ROOT}/Manifest.lock\" > /dev/null\nif [ $? != 0 ] ; then\n    # print error to STDERR\n    echo \"error: The sandbox is not in sync with the Podfile.lock. Run 'pod install' or update your CocoaPods installation.\" >&2\n    exit 1\nfi\n# This output is used by Xcode 'outputs' to avoid re-running this script phase.\necho \"SUCCESS\" > \"${SCRIPT_OUTPUT_FILE_0}\"\n";
			showEnvVarsInLog = 0;
		};
/* End PBXShellScriptBuildPhase section */

/* Begin PBXSourcesBuildPhase section */
		9408AD3B2CA9BECF00AB70D3 /* Sources */ = {
			isa = PBXSourcesBuildPhase;
			buildActionMask = 2147483647;
			files = (
				94E837E92CB9AE7C00EBC9D4 /* HomeViewController.swift in Sources */,
				94DBED1A2CF8E0F00042C49E /* UITextView+Extensions.swift in Sources */,
				94DBED552CF90F6D0042C49E /* HomeModel.swift in Sources */,
				94DBED5A2CF910200042C49E /* UIHelpers.swift in Sources */,
				94DBED2A2CF908240042C49E /* NoteCoordinator.swift in Sources */,
				949321122CE6A89C00C8666C /* Constants.swift in Sources */,
				94DBED572CF90F910042C49E /* HomeViewModel.swift in Sources */,
				94E837EA2CB9AE7C00EBC9D4 /* NoteViewController.swift in Sources */,
				94DBED312CF908AD0042C49E /* NoteModel.swift in Sources */,
				94DBED282CF908140042C49E /* AppCoordinator.swift in Sources */,
				9438105A2CC2AE5F00AC74B0 /* QuizViewController.swift in Sources */,
				94DBED5C2CF9E9BF0042C49E /* QuizGenerator.swift in Sources */,
				94DBED182CF8E0DF0042C49E /* UIView+Extensions.swift in Sources */,
				94DBED2D2CF908460042C49E /* AppColors.swift in Sources */,
				942E55432CC1571900F993A8 /* TextRecognition.swift in Sources */,
				94DBED252CF907E40042C49E /* APIClient.swift in Sources */,
				94E837EB2CB9AE7C00EBC9D4 /* AppDelegate.swift in Sources */,
				94DBED332CF908C80042C49E /* NoteViewModel.swift in Sources */,
				9438105C2CC567E500AC74B0 /* Question.swift in Sources */,
				94E837EC2CB9AE7C00EBC9D4 /* SceneDelegate.swift in Sources */,
				94DBED2F2CF908500042C49E /* AppFonts.swift in Sources */,
				94DBED122CF8DE3F0042C49E /* TimerManager.swift in Sources */,
				943810602CC8F83D00AC74B0 /* QuizViewModel.swift in Sources */,
				949321142CF3D2B100C8666C /* ResultViewController.swift in Sources */,
			);
			runOnlyForDeploymentPostprocessing = 0;
		};
/* End PBXSourcesBuildPhase section */

/* Begin PBXVariantGroup section */
		94E837DA2CB9AE7C00EBC9D4 /* LaunchScreen.storyboard */ = {
			isa = PBXVariantGroup;
			children = (
				94E837D92CB9AE7C00EBC9D4 /* Base */,
			);
			name = LaunchScreen.storyboard;
			sourceTree = "<group>";
		};
		94E837DC2CB9AE7C00EBC9D4 /* Main.storyboard */ = {
			isa = PBXVariantGroup;
			children = (
				94E837DB2CB9AE7C00EBC9D4 /* Base */,
			);
			name = Main.storyboard;
			sourceTree = "<group>";
		};
/* End PBXVariantGroup section */

/* Begin XCBuildConfiguration section */
		9408AD692CA9BED100AB70D3 /* Debug */ = {
			isa = XCBuildConfiguration;
			baseConfigurationReference = 5B382C447E90D3BAFFE5D708 /* Pods-zap.debug.xcconfig */;
			buildSettings = {
				ASSETCATALOG_COMPILER_APPICON_NAME = AppIcon;
				ASSETCATALOG_COMPILER_GLOBAL_ACCENT_COLOR_NAME = AccentColor;
				CLANG_ENABLE_MODULES = YES;
				CODE_SIGN_STYLE = Automatic;
				CURRENT_PROJECT_VERSION = 1;
				DEVELOPMENT_TEAM = BWCFA5MJHF;
				ENABLE_USER_SCRIPT_SANDBOXING = NO;
				FRAMEWORK_SEARCH_PATHS = (
					"$(inherited)",
					"$(PROJECT_DIR)/Carthage/Build/Mac",
				);
				GENERATE_INFOPLIST_FILE = YES;
				INFOPLIST_FILE = zap/Info.plist;
				INFOPLIST_KEY_UIApplicationSupportsIndirectInputEvents = YES;
				INFOPLIST_KEY_UILaunchStoryboardName = LaunchScreen;
				INFOPLIST_KEY_UIMainStoryboardFile = Main;
				INFOPLIST_KEY_UISupportedInterfaceOrientations = UIInterfaceOrientationPortrait;
				LD_RUNPATH_SEARCH_PATHS = (
					"$(inherited)",
					"@executable_path/Frameworks",
				);
				MARKETING_VERSION = 1.0;
				PRODUCT_BUNDLE_IDENTIFIER = com.samedkarakus.zap;
				PRODUCT_NAME = "$(TARGET_NAME)";
				SWIFT_EMIT_LOC_STRINGS = YES;
				SWIFT_OBJC_BRIDGING_HEADER = "zap/View/zap-Bridging-Header.h";
				SWIFT_OPTIMIZATION_LEVEL = "-Onone";
				SWIFT_VERSION = 5.0;
				TARGETED_DEVICE_FAMILY = "1,2";
			};
			name = Debug;
		};
		9408AD6A2CA9BED100AB70D3 /* Release */ = {
			isa = XCBuildConfiguration;
			baseConfigurationReference = 204BDDE46F289702AF999EC7 /* Pods-zap.release.xcconfig */;
			buildSettings = {
				ASSETCATALOG_COMPILER_APPICON_NAME = AppIcon;
				ASSETCATALOG_COMPILER_GLOBAL_ACCENT_COLOR_NAME = AccentColor;
				CLANG_ENABLE_MODULES = YES;
				CODE_SIGN_STYLE = Automatic;
				CURRENT_PROJECT_VERSION = 1;
				DEVELOPMENT_TEAM = BWCFA5MJHF;
				ENABLE_USER_SCRIPT_SANDBOXING = NO;
				FRAMEWORK_SEARCH_PATHS = (
					"$(inherited)",
					"$(PROJECT_DIR)/Carthage/Build/Mac",
				);
				GENERATE_INFOPLIST_FILE = YES;
				INFOPLIST_FILE = zap/Info.plist;
				INFOPLIST_KEY_UIApplicationSupportsIndirectInputEvents = YES;
				INFOPLIST_KEY_UILaunchStoryboardName = LaunchScreen;
				INFOPLIST_KEY_UIMainStoryboardFile = Main;
				INFOPLIST_KEY_UISupportedInterfaceOrientations = UIInterfaceOrientationPortrait;
				LD_RUNPATH_SEARCH_PATHS = (
					"$(inherited)",
					"@executable_path/Frameworks",
				);
				MARKETING_VERSION = 1.0;
				PRODUCT_BUNDLE_IDENTIFIER = com.samedkarakus.zap;
				PRODUCT_NAME = "$(TARGET_NAME)";
				SWIFT_EMIT_LOC_STRINGS = YES;
				SWIFT_OBJC_BRIDGING_HEADER = "zap/View/zap-Bridging-Header.h";
				SWIFT_VERSION = 5.0;
				TARGETED_DEVICE_FAMILY = "1,2";
			};
			name = Release;
		};
		9408AD6B2CA9BED100AB70D3 /* Debug */ = {
			isa = XCBuildConfiguration;
			buildSettings = {
				ALWAYS_SEARCH_USER_PATHS = NO;
				ASSETCATALOG_COMPILER_GENERATE_SWIFT_ASSET_SYMBOL_EXTENSIONS = YES;
				CLANG_ANALYZER_NONNULL = YES;
				CLANG_ANALYZER_NUMBER_OBJECT_CONVERSION = YES_AGGRESSIVE;
				CLANG_CXX_LANGUAGE_STANDARD = "gnu++20";
				CLANG_ENABLE_MODULES = YES;
				CLANG_ENABLE_OBJC_ARC = YES;
				CLANG_ENABLE_OBJC_WEAK = YES;
				CLANG_WARN_BLOCK_CAPTURE_AUTORELEASING = YES;
				CLANG_WARN_BOOL_CONVERSION = YES;
				CLANG_WARN_COMMA = YES;
				CLANG_WARN_CONSTANT_CONVERSION = YES;
				CLANG_WARN_DEPRECATED_OBJC_IMPLEMENTATIONS = YES;
				CLANG_WARN_DIRECT_OBJC_ISA_USAGE = YES_ERROR;
				CLANG_WARN_DOCUMENTATION_COMMENTS = YES;
				CLANG_WARN_EMPTY_BODY = YES;
				CLANG_WARN_ENUM_CONVERSION = YES;
				CLANG_WARN_INFINITE_RECURSION = YES;
				CLANG_WARN_INT_CONVERSION = YES;
				CLANG_WARN_NON_LITERAL_NULL_CONVERSION = YES;
				CLANG_WARN_OBJC_IMPLICIT_RETAIN_SELF = YES;
				CLANG_WARN_OBJC_LITERAL_CONVERSION = YES;
				CLANG_WARN_OBJC_ROOT_CLASS = YES_ERROR;
				CLANG_WARN_QUOTED_INCLUDE_IN_FRAMEWORK_HEADER = YES;
				CLANG_WARN_RANGE_LOOP_ANALYSIS = YES;
				CLANG_WARN_STRICT_PROTOTYPES = YES;
				CLANG_WARN_SUSPICIOUS_MOVE = YES;
				CLANG_WARN_UNGUARDED_AVAILABILITY = YES_AGGRESSIVE;
				CLANG_WARN_UNREACHABLE_CODE = YES;
				CLANG_WARN__DUPLICATE_METHOD_MATCH = YES;
				COPY_PHASE_STRIP = NO;
				DEBUG_INFORMATION_FORMAT = dwarf;
				ENABLE_STRICT_OBJC_MSGSEND = YES;
				ENABLE_TESTABILITY = YES;
				ENABLE_USER_SCRIPT_SANDBOXING = YES;
				GCC_C_LANGUAGE_STANDARD = gnu17;
				GCC_DYNAMIC_NO_PIC = NO;
				GCC_NO_COMMON_BLOCKS = YES;
				GCC_OPTIMIZATION_LEVEL = 0;
				GCC_PREPROCESSOR_DEFINITIONS = (
					"DEBUG=1",
					"$(inherited)",
				);
				GCC_WARN_64_TO_32_BIT_CONVERSION = YES;
				GCC_WARN_ABOUT_RETURN_TYPE = YES_ERROR;
				GCC_WARN_UNDECLARED_SELECTOR = YES;
				GCC_WARN_UNINITIALIZED_AUTOS = YES_AGGRESSIVE;
				GCC_WARN_UNUSED_FUNCTION = YES;
				GCC_WARN_UNUSED_VARIABLE = YES;
				IPHONEOS_DEPLOYMENT_TARGET = 18.0;
				LOCALIZATION_PREFERS_STRING_CATALOGS = YES;
				MTL_ENABLE_DEBUG_INFO = INCLUDE_SOURCE;
				MTL_FAST_MATH = YES;
				ONLY_ACTIVE_ARCH = YES;
				SDKROOT = iphoneos;
				SWIFT_ACTIVE_COMPILATION_CONDITIONS = "DEBUG $(inherited)";
				SWIFT_OPTIMIZATION_LEVEL = "-Onone";
			};
			name = Debug;
		};
		9408AD6C2CA9BED100AB70D3 /* Release */ = {
			isa = XCBuildConfiguration;
			buildSettings = {
				ALWAYS_SEARCH_USER_PATHS = NO;
				ASSETCATALOG_COMPILER_GENERATE_SWIFT_ASSET_SYMBOL_EXTENSIONS = YES;
				CLANG_ANALYZER_NONNULL = YES;
				CLANG_ANALYZER_NUMBER_OBJECT_CONVERSION = YES_AGGRESSIVE;
				CLANG_CXX_LANGUAGE_STANDARD = "gnu++20";
				CLANG_ENABLE_MODULES = YES;
				CLANG_ENABLE_OBJC_ARC = YES;
				CLANG_ENABLE_OBJC_WEAK = YES;
				CLANG_WARN_BLOCK_CAPTURE_AUTORELEASING = YES;
				CLANG_WARN_BOOL_CONVERSION = YES;
				CLANG_WARN_COMMA = YES;
				CLANG_WARN_CONSTANT_CONVERSION = YES;
				CLANG_WARN_DEPRECATED_OBJC_IMPLEMENTATIONS = YES;
				CLANG_WARN_DIRECT_OBJC_ISA_USAGE = YES_ERROR;
				CLANG_WARN_DOCUMENTATION_COMMENTS = YES;
				CLANG_WARN_EMPTY_BODY = YES;
				CLANG_WARN_ENUM_CONVERSION = YES;
				CLANG_WARN_INFINITE_RECURSION = YES;
				CLANG_WARN_INT_CONVERSION = YES;
				CLANG_WARN_NON_LITERAL_NULL_CONVERSION = YES;
				CLANG_WARN_OBJC_IMPLICIT_RETAIN_SELF = YES;
				CLANG_WARN_OBJC_LITERAL_CONVERSION = YES;
				CLANG_WARN_OBJC_ROOT_CLASS = YES_ERROR;
				CLANG_WARN_QUOTED_INCLUDE_IN_FRAMEWORK_HEADER = YES;
				CLANG_WARN_RANGE_LOOP_ANALYSIS = YES;
				CLANG_WARN_STRICT_PROTOTYPES = YES;
				CLANG_WARN_SUSPICIOUS_MOVE = YES;
				CLANG_WARN_UNGUARDED_AVAILABILITY = YES_AGGRESSIVE;
				CLANG_WARN_UNREACHABLE_CODE = YES;
				CLANG_WARN__DUPLICATE_METHOD_MATCH = YES;
				COPY_PHASE_STRIP = NO;
				DEBUG_INFORMATION_FORMAT = "dwarf-with-dsym";
				ENABLE_NS_ASSERTIONS = NO;
				ENABLE_STRICT_OBJC_MSGSEND = YES;
				ENABLE_USER_SCRIPT_SANDBOXING = YES;
				GCC_C_LANGUAGE_STANDARD = gnu17;
				GCC_NO_COMMON_BLOCKS = YES;
				GCC_WARN_64_TO_32_BIT_CONVERSION = YES;
				GCC_WARN_ABOUT_RETURN_TYPE = YES_ERROR;
				GCC_WARN_UNDECLARED_SELECTOR = YES;
				GCC_WARN_UNINITIALIZED_AUTOS = YES_AGGRESSIVE;
				GCC_WARN_UNUSED_FUNCTION = YES;
				GCC_WARN_UNUSED_VARIABLE = YES;
				IPHONEOS_DEPLOYMENT_TARGET = 18.0;
				LOCALIZATION_PREFERS_STRING_CATALOGS = YES;
				MTL_ENABLE_DEBUG_INFO = NO;
				MTL_FAST_MATH = YES;
				SDKROOT = iphoneos;
				SWIFT_COMPILATION_MODE = wholemodule;
				VALIDATE_PRODUCT = YES;
			};
			name = Release;
		};
/* End XCBuildConfiguration section */

/* Begin XCConfigurationList section */
		9408AD3A2CA9BECF00AB70D3 /* Build configuration list for PBXProject "zap" */ = {
			isa = XCConfigurationList;
			buildConfigurations = (
				9408AD6B2CA9BED100AB70D3 /* Debug */,
				9408AD6C2CA9BED100AB70D3 /* Release */,
			);
			defaultConfigurationIsVisible = 0;
			defaultConfigurationName = Release;
		};
		9408AD682CA9BED100AB70D3 /* Build configuration list for PBXNativeTarget "zap" */ = {
			isa = XCConfigurationList;
			buildConfigurations = (
				9408AD692CA9BED100AB70D3 /* Debug */,
				9408AD6A2CA9BED100AB70D3 /* Release */,
			);
			defaultConfigurationIsVisible = 0;
			defaultConfigurationName = Release;
		};
/* End XCConfigurationList section */
	};
	rootObject = 9408AD372CA9BECF00AB70D3 /* Project object */;
}
